
Microsoft Visual Studio Solution File, Format Version 12.00
# Visual Studio Version 16
VisualStudioVersion = 16.0.30011.22
MinimumVisualStudioVersion = 10.0.40219.1
Project("{9A19103F-16F7-4668-BE54-9A1E7A4F7556}") = "Lab 2.3.2", "Lab 2.3.2\Lab 2.3.2.csproj", "{9DD41E9C-73BD-4E79-A908-64D0318F9F88}"
EndProject
Project("{FAE04EC0-301F-11D3-BF4B-00C04F79EFBC}") = "Test for Lab 2.3.2", "Test for Lab 2.3.2\Test for Lab 2.3.2.csproj", "{9F1514D1-0193-4ABF-9B02-F389ED74670E}"
EndProject
Global
	GlobalSection(SolutionConfigurationPlatforms) = preSolution
		Debug|Any CPU = Debug|Any CPU
		Release|Any CPU = Release|Any CPU
	EndGlobalSection
	GlobalSection(ProjectConfigurationPlatforms) = postSolution
		{9DD41E9C-73BD-4E79-A908-64D0318F9F88}.Debug|Any CPU.ActiveCfg = Debug|Any CPU
		{9DD41E9C-73BD-4E79-A908-64D0318F9F88}.Debug|Any CPU.Build.0 = Debug|Any CPU
		{9DD41E9C-73BD-4E79-A908-64D0318F9F88}.Release|Any CPU.ActiveCfg = Release|Any CPU
		{9DD41E9C-73BD-4E79-A908-64D0318F9F88}.Release|Any CPU.Build.0 = Release|Any CPU
		{9F1514D1-0193-4ABF-9B02-F389ED74670E}.Debug|Any CPU.ActiveCfg = Debug|Any CPU
		{9F1514D1-0193-4ABF-9B02-F389ED74670E}.Debug|Any CPU.Build.0 = Debug|Any CPU
		{9F1514D1-0193-4ABF-9B02-F389ED74670E}.Release|Any CPU.ActiveCfg = Release|Any CPU
		{9F1514D1-0193-4ABF-9B02-F389ED74670E}.Release|Any CPU.Build.0 = Release|Any CPU
	EndGlobalSection
	GlobalSection(SolutionProperties) = preSolution
		HideSolutionNode = FALSE
	EndGlobalSection
	GlobalSection(ExtensibilityGlobals) = postSolution
		SolutionGuid = {938066D3-DF45-41BE-B23C-6EEC9C453B5A}
	EndGlobalSection
EndGlobal
